
Microsoft Visual Studio Solution File, Format Version 10.00
# Visual C++ Express 2008
Project("{8BC9CEB8-8B4A-11D0-8D11-00A0C91BC942}") = "Week8_Project", "Week8_Project\Week8_Project.vcproj", "{754208B6-BEAF-4AA8-B8F1-F7AE57AFCDCF}"
EndProject
Global
	GlobalSection(SolutionConfigurationPlatforms) = preSolution
		Debug|Win32 = Debug|Win32
		Release|Win32 = Release|Win32
	EndGlobalSection
	GlobalSection(ProjectConfigurationPlatforms) = postSolution
		{754208B6-BEAF-4AA8-B8F1-F7AE57AFCDCF}.Debug|Win32.ActiveCfg = Debug|Win32
		{754208B6-BEAF-4AA8-B8F1-F7AE57AFCDCF}.Debug|Win32.Build.0 = Debug|Win32
		{754208B6-BEAF-4AA8-B8F1-F7AE57AFCDCF}.Release|Win32.ActiveCfg = Release|Win32
		{754208B6-BEAF-4AA8-B8F1-F7AE57AFCDCF}.Release|Win32.Build.0 = Release|Win32
	EndGlobalSection
	GlobalSection(SolutionProperties) = preSolution
		HideSolutionNode = FALSE
	EndGlobalSection
EndGlobal
